
Microsoft Visual Studio Solution File, Format Version 12.00
# Visual Studio Version 16
VisualStudioVersion = 16.0.29609.76
MinimumVisualStudioVersion = 10.0.40219.1
Project("{FAE04EC0-301F-11D3-BF4B-00C04F79EFBC}") = "Przelicznik walut", "Przelicznik walut\Przelicznik walut.csproj", "{468C1D08-80B8-4DC6-88EA-45DD54F2EAB0}"
EndProject
Global
	GlobalSection(SolutionConfigurationPlatforms) = preSolution
		Debug|Any CPU = Debug|Any CPU
		Release|Any CPU = Release|Any CPU
	EndGlobalSection
	GlobalSection(ProjectConfigurationPlatforms) = postSolution
		{468C1D08-80B8-4DC6-88EA-45DD54F2EAB0}.Debug|Any CPU.ActiveCfg = Debug|Any CPU
		{468C1D08-80B8-4DC6-88EA-45DD54F2EAB0}.Debug|Any CPU.Build.0 = Debug|Any CPU
		{468C1D08-80B8-4DC6-88EA-45DD54F2EAB0}.Debug|Any CPU.Deploy.0 = Debug|Any CPU
		{468C1D08-80B8-4DC6-88EA-45DD54F2EAB0}.Release|Any CPU.ActiveCfg = Release|Any CPU
		{468C1D08-80B8-4DC6-88EA-45DD54F2EAB0}.Release|Any CPU.Build.0 = Release|Any CPU
		{468C1D08-80B8-4DC6-88EA-45DD54F2EAB0}.Release|Any CPU.Deploy.0 = Release|Any CPU
	EndGlobalSection
	GlobalSection(SolutionProperties) = preSolution
		HideSolutionNode = FALSE
	EndGlobalSection
	GlobalSection(ExtensibilityGlobals) = postSolution
		SolutionGuid = {EB090748-3C02-42F5-89B9-6474013178A7}
	EndGlobalSection
EndGlobal
